
Microsoft Visual Studio Solution File, Format Version 12.00
# Visual Studio Version 16
VisualStudioVersion = 16.0.29306.81
MinimumVisualStudioVersion = 10.0.40219.1
Project("{FAE04EC0-301F-11D3-BF4B-00C04F79EFBC}") = "MantenimientoControl", "MantenimientoControl.csproj", "{3CE1C1EE-2D88-4A6C-AF4B-749981AF4A82}"
EndProject
Global
	GlobalSection(SolutionConfigurationPlatforms) = preSolution
		Debug|Any CPU = Debug|Any CPU
		Release|Any CPU = Release|Any CPU
	EndGlobalSection
	GlobalSection(ProjectConfigurationPlatforms) = postSolution
		{3CE1C1EE-2D88-4A6C-AF4B-749981AF4A82}.Debug|Any CPU.ActiveCfg = Debug|Any CPU
		{3CE1C1EE-2D88-4A6C-AF4B-749981AF4A82}.Debug|Any CPU.Build.0 = Debug|Any CPU
		{3CE1C1EE-2D88-4A6C-AF4B-749981AF4A82}.Release|Any CPU.ActiveCfg = Release|Any CPU
		{3CE1C1EE-2D88-4A6C-AF4B-749981AF4A82}.Release|Any CPU.Build.0 = Release|Any CPU
	EndGlobalSection
	GlobalSection(SolutionProperties) = preSolution
		HideSolutionNode = FALSE
	EndGlobalSection
	GlobalSection(ExtensibilityGlobals) = postSolution
		SolutionGuid = {151E06A5-2180-4B0D-9B37-3AC9ACDB1B1F}
	EndGlobalSection
EndGlobal
